
Microsoft Visual Studio Solution File, Format Version 12.00
# Visual Studio Version 17
VisualStudioVersion = 17.7.34031.279
MinimumVisualStudioVersion = 10.0.40219.1
Project("{FAE04EC0-301F-11D3-BF4B-00C04F79EFBC}") = "ImplimentInterfacesWithSameMethod", "ImplimentInterfacesWithSameMethod\ImplimentInterfacesWithSameMethod.csproj", "{48131D5E-B7CE-4502-A226-D044D0F3F3EE}"
EndProject
Global
	GlobalSection(SolutionConfigurationPlatforms) = preSolution
		Debug|Any CPU = Debug|Any CPU
		Release|Any CPU = Release|Any CPU
	EndGlobalSection
	GlobalSection(ProjectConfigurationPlatforms) = postSolution
		{48131D5E-B7CE-4502-A226-D044D0F3F3EE}.Debug|Any CPU.ActiveCfg = Debug|Any CPU
		{48131D5E-B7CE-4502-A226-D044D0F3F3EE}.Debug|Any CPU.Build.0 = Debug|Any CPU
		{48131D5E-B7CE-4502-A226-D044D0F3F3EE}.Release|Any CPU.ActiveCfg = Release|Any CPU
		{48131D5E-B7CE-4502-A226-D044D0F3F3EE}.Release|Any CPU.Build.0 = Release|Any CPU
	EndGlobalSection
	GlobalSection(SolutionProperties) = preSolution
		HideSolutionNode = FALSE
	EndGlobalSection
	GlobalSection(ExtensibilityGlobals) = postSolution
		SolutionGuid = {8C7A682E-42AE-40C9-B02A-BBD07CF40A62}
	EndGlobalSection
EndGlobal
