
Microsoft Visual Studio Solution File, Format Version 12.00
# Visual Studio Version 17
VisualStudioVersion = 17.7.34031.279
MinimumVisualStudioVersion = 10.0.40219.1
Project("{FAE04EC0-301F-11D3-BF4B-00C04F79EFBC}") = "DependencyInjectionDemo", "DependencyInjectionDemo\DependencyInjectionDemo.csproj", "{5663E0B9-62A9-4C6B-B481-F408C0A935D4}"
EndProject
Global
	GlobalSection(SolutionConfigurationPlatforms) = preSolution
		Debug|Any CPU = Debug|Any CPU
		Release|Any CPU = Release|Any CPU
	EndGlobalSection
	GlobalSection(ProjectConfigurationPlatforms) = postSolution
		{5663E0B9-62A9-4C6B-B481-F408C0A935D4}.Debug|Any CPU.ActiveCfg = Debug|Any CPU
		{5663E0B9-62A9-4C6B-B481-F408C0A935D4}.Debug|Any CPU.Build.0 = Debug|Any CPU
		{5663E0B9-62A9-4C6B-B481-F408C0A935D4}.Release|Any CPU.ActiveCfg = Release|Any CPU
		{5663E0B9-62A9-4C6B-B481-F408C0A935D4}.Release|Any CPU.Build.0 = Release|Any CPU
	EndGlobalSection
	GlobalSection(SolutionProperties) = preSolution
		HideSolutionNode = FALSE
	EndGlobalSection
	GlobalSection(ExtensibilityGlobals) = postSolution
		SolutionGuid = {A9990A50-2620-4BAC-99FC-B9B05C5A2DE1}
	EndGlobalSection
EndGlobal
