
Microsoft Visual Studio Solution File, Format Version 12.00
# Visual Studio Version 17
VisualStudioVersion = 17.7.34031.279
MinimumVisualStudioVersion = 10.0.40219.1
Project("{FAE04EC0-301F-11D3-BF4B-00C04F79EFBC}") = "ValueTpeAndReffType", "ValueTpeAndReffType\ValueTpeAndReffType.csproj", "{7AA7EC5F-F3E5-499E-9899-12FC04423ED8}"
EndProject
Global
	GlobalSection(SolutionConfigurationPlatforms) = preSolution
		Debug|Any CPU = Debug|Any CPU
		Release|Any CPU = Release|Any CPU
	EndGlobalSection
	GlobalSection(ProjectConfigurationPlatforms) = postSolution
		{7AA7EC5F-F3E5-499E-9899-12FC04423ED8}.Debug|Any CPU.ActiveCfg = Debug|Any CPU
		{7AA7EC5F-F3E5-499E-9899-12FC04423ED8}.Debug|Any CPU.Build.0 = Debug|Any CPU
		{7AA7EC5F-F3E5-499E-9899-12FC04423ED8}.Release|Any CPU.ActiveCfg = Release|Any CPU
		{7AA7EC5F-F3E5-499E-9899-12FC04423ED8}.Release|Any CPU.Build.0 = Release|Any CPU
	EndGlobalSection
	GlobalSection(SolutionProperties) = preSolution
		HideSolutionNode = FALSE
	EndGlobalSection
	GlobalSection(ExtensibilityGlobals) = postSolution
		SolutionGuid = {979BC5C1-2994-4446-AA66-A97B4BE2EFE9}
	EndGlobalSection
EndGlobal
