
Microsoft Visual Studio Solution File, Format Version 12.00
# Visual Studio Version 17
VisualStudioVersion = 17.7.34031.279
MinimumVisualStudioVersion = 10.0.40219.1
Project("{FAE04EC0-301F-11D3-BF4B-00C04F79EFBC}") = "ASPCoreViewImports", "ASPCoreViewImports\ASPCoreViewImports.csproj", "{A514DC1C-6ACC-427B-B645-F8BDDBF8F228}"
EndProject
Global
	GlobalSection(SolutionConfigurationPlatforms) = preSolution
		Debug|Any CPU = Debug|Any CPU
		Release|Any CPU = Release|Any CPU
	EndGlobalSection
	GlobalSection(ProjectConfigurationPlatforms) = postSolution
		{A514DC1C-6ACC-427B-B645-F8BDDBF8F228}.Debug|Any CPU.ActiveCfg = Debug|Any CPU
		{A514DC1C-6ACC-427B-B645-F8BDDBF8F228}.Debug|Any CPU.Build.0 = Debug|Any CPU
		{A514DC1C-6ACC-427B-B645-F8BDDBF8F228}.Release|Any CPU.ActiveCfg = Release|Any CPU
		{A514DC1C-6ACC-427B-B645-F8BDDBF8F228}.Release|Any CPU.Build.0 = Release|Any CPU
	EndGlobalSection
	GlobalSection(SolutionProperties) = preSolution
		HideSolutionNode = FALSE
	EndGlobalSection
	GlobalSection(ExtensibilityGlobals) = postSolution
		SolutionGuid = {0FE1A772-7CF0-4542-B3F3-3FA13E981054}
	EndGlobalSection
EndGlobal
