
Microsoft Visual Studio Solution File, Format Version 12.00
# Visual Studio Version 17
VisualStudioVersion = 17.7.34031.279
MinimumVisualStudioVersion = 10.0.40219.1
Project("{FAE04EC0-301F-11D3-BF4B-00C04F79EFBC}") = "reverseArray1", "reverseArray1\reverseArray1.csproj", "{17114638-07F0-484A-99E2-C75D2F9DD02B}"
EndProject
Global
	GlobalSection(SolutionConfigurationPlatforms) = preSolution
		Debug|Any CPU = Debug|Any CPU
		Release|Any CPU = Release|Any CPU
	EndGlobalSection
	GlobalSection(ProjectConfigurationPlatforms) = postSolution
		{17114638-07F0-484A-99E2-C75D2F9DD02B}.Debug|Any CPU.ActiveCfg = Debug|Any CPU
		{17114638-07F0-484A-99E2-C75D2F9DD02B}.Debug|Any CPU.Build.0 = Debug|Any CPU
		{17114638-07F0-484A-99E2-C75D2F9DD02B}.Release|Any CPU.ActiveCfg = Release|Any CPU
		{17114638-07F0-484A-99E2-C75D2F9DD02B}.Release|Any CPU.Build.0 = Release|Any CPU
	EndGlobalSection
	GlobalSection(SolutionProperties) = preSolution
		HideSolutionNode = FALSE
	EndGlobalSection
	GlobalSection(ExtensibilityGlobals) = postSolution
		SolutionGuid = {FA8B8847-F391-442F-BE94-88C0E5837E25}
	EndGlobalSection
EndGlobal
