
Microsoft Visual Studio Solution File, Format Version 12.00
# Visual Studio Version 17
VisualStudioVersion = 17.7.34031.279
MinimumVisualStudioVersion = 10.0.40219.1
Project("{FAE04EC0-301F-11D3-BF4B-00C04F79EFBC}") = "ViewModelASPCore6", "ViewModelASPCore6\ViewModelASPCore6.csproj", "{D189D501-C5A2-4C11-B89F-E9C59AC8721F}"
EndProject
Global
	GlobalSection(SolutionConfigurationPlatforms) = preSolution
		Debug|Any CPU = Debug|Any CPU
		Release|Any CPU = Release|Any CPU
	EndGlobalSection
	GlobalSection(ProjectConfigurationPlatforms) = postSolution
		{D189D501-C5A2-4C11-B89F-E9C59AC8721F}.Debug|Any CPU.ActiveCfg = Debug|Any CPU
		{D189D501-C5A2-4C11-B89F-E9C59AC8721F}.Debug|Any CPU.Build.0 = Debug|Any CPU
		{D189D501-C5A2-4C11-B89F-E9C59AC8721F}.Release|Any CPU.ActiveCfg = Release|Any CPU
		{D189D501-C5A2-4C11-B89F-E9C59AC8721F}.Release|Any CPU.Build.0 = Release|Any CPU
	EndGlobalSection
	GlobalSection(SolutionProperties) = preSolution
		HideSolutionNode = FALSE
	EndGlobalSection
	GlobalSection(ExtensibilityGlobals) = postSolution
		SolutionGuid = {EC55FFF2-45EC-4D46-B430-3DB40AB139B4}
	EndGlobalSection
EndGlobal
