
Microsoft Visual Studio Solution File, Format Version 12.00
# Visual Studio Version 17
VisualStudioVersion = 17.7.34031.279
MinimumVisualStudioVersion = 10.0.40219.1
Project("{FAE04EC0-301F-11D3-BF4B-00C04F79EFBC}") = "CallChildClassMethodInParentClass", "CallChildClassMethodInParentClass\CallChildClassMethodInParentClass.csproj", "{E9D0F0F5-E119-4073-BA2F-A86F4DF97899}"
EndProject
Global
	GlobalSection(SolutionConfigurationPlatforms) = preSolution
		Debug|Any CPU = Debug|Any CPU
		Release|Any CPU = Release|Any CPU
	EndGlobalSection
	GlobalSection(ProjectConfigurationPlatforms) = postSolution
		{E9D0F0F5-E119-4073-BA2F-A86F4DF97899}.Debug|Any CPU.ActiveCfg = Debug|Any CPU
		{E9D0F0F5-E119-4073-BA2F-A86F4DF97899}.Debug|Any CPU.Build.0 = Debug|Any CPU
		{E9D0F0F5-E119-4073-BA2F-A86F4DF97899}.Release|Any CPU.ActiveCfg = Release|Any CPU
		{E9D0F0F5-E119-4073-BA2F-A86F4DF97899}.Release|Any CPU.Build.0 = Release|Any CPU
	EndGlobalSection
	GlobalSection(SolutionProperties) = preSolution
		HideSolutionNode = FALSE
	EndGlobalSection
	GlobalSection(ExtensibilityGlobals) = postSolution
		SolutionGuid = {07774F4B-2435-44EA-9677-1B98D29436FF}
	EndGlobalSection
EndGlobal
