
Microsoft Visual Studio Solution File, Format Version 12.00
# Visual Studio Version 17
VisualStudioVersion = 17.7.34031.279
MinimumVisualStudioVersion = 10.0.40219.1
Project("{FAE04EC0-301F-11D3-BF4B-00C04F79EFBC}") = "CountOccuranceOfString", "CountOccuranceOfString\CountOccuranceOfString.csproj", "{DD14206F-9EA3-47DC-B7B3-EAAF96D551CB}"
EndProject
Global
	GlobalSection(SolutionConfigurationPlatforms) = preSolution
		Debug|Any CPU = Debug|Any CPU
		Release|Any CPU = Release|Any CPU
	EndGlobalSection
	GlobalSection(ProjectConfigurationPlatforms) = postSolution
		{DD14206F-9EA3-47DC-B7B3-EAAF96D551CB}.Debug|Any CPU.ActiveCfg = Debug|Any CPU
		{DD14206F-9EA3-47DC-B7B3-EAAF96D551CB}.Debug|Any CPU.Build.0 = Debug|Any CPU
		{DD14206F-9EA3-47DC-B7B3-EAAF96D551CB}.Release|Any CPU.ActiveCfg = Release|Any CPU
		{DD14206F-9EA3-47DC-B7B3-EAAF96D551CB}.Release|Any CPU.Build.0 = Release|Any CPU
	EndGlobalSection
	GlobalSection(SolutionProperties) = preSolution
		HideSolutionNode = FALSE
	EndGlobalSection
	GlobalSection(ExtensibilityGlobals) = postSolution
		SolutionGuid = {B95D8A85-5993-475E-AC16-EC1844F328FC}
	EndGlobalSection
EndGlobal
