
Microsoft Visual Studio Solution File, Format Version 12.00
# Visual Studio Version 17
VisualStudioVersion = 17.7.34031.279
MinimumVisualStudioVersion = 10.0.40219.1
Project("{FAE04EC0-301F-11D3-BF4B-00C04F79EFBC}") = "SerializationDemo", "SerializationDemo\SerializationDemo.csproj", "{17E60C7C-6DE8-4E76-BB6D-219159A2E176}"
EndProject
Global
	GlobalSection(SolutionConfigurationPlatforms) = preSolution
		Debug|Any CPU = Debug|Any CPU
		Release|Any CPU = Release|Any CPU
	EndGlobalSection
	GlobalSection(ProjectConfigurationPlatforms) = postSolution
		{17E60C7C-6DE8-4E76-BB6D-219159A2E176}.Debug|Any CPU.ActiveCfg = Debug|Any CPU
		{17E60C7C-6DE8-4E76-BB6D-219159A2E176}.Debug|Any CPU.Build.0 = Debug|Any CPU
		{17E60C7C-6DE8-4E76-BB6D-219159A2E176}.Release|Any CPU.ActiveCfg = Release|Any CPU
		{17E60C7C-6DE8-4E76-BB6D-219159A2E176}.Release|Any CPU.Build.0 = Release|Any CPU
	EndGlobalSection
	GlobalSection(SolutionProperties) = preSolution
		HideSolutionNode = FALSE
	EndGlobalSection
	GlobalSection(ExtensibilityGlobals) = postSolution
		SolutionGuid = {BD6E52D8-D973-4DA2-A3C8-118B5974CA8F}
	EndGlobalSection
EndGlobal
