
Microsoft Visual Studio Solution File, Format Version 12.00
# Visual Studio Version 17
VisualStudioVersion = 17.7.34031.279
MinimumVisualStudioVersion = 10.0.40219.1
Project("{FAE04EC0-301F-11D3-BF4B-00C04F79EFBC}") = "SessionASPCore6", "SessionASPCore6\SessionASPCore6.csproj", "{E5414B59-3A76-4F0F-840E-9A80889E918C}"
EndProject
Global
	GlobalSection(SolutionConfigurationPlatforms) = preSolution
		Debug|Any CPU = Debug|Any CPU
		Release|Any CPU = Release|Any CPU
	EndGlobalSection
	GlobalSection(ProjectConfigurationPlatforms) = postSolution
		{E5414B59-3A76-4F0F-840E-9A80889E918C}.Debug|Any CPU.ActiveCfg = Debug|Any CPU
		{E5414B59-3A76-4F0F-840E-9A80889E918C}.Debug|Any CPU.Build.0 = Debug|Any CPU
		{E5414B59-3A76-4F0F-840E-9A80889E918C}.Release|Any CPU.ActiveCfg = Release|Any CPU
		{E5414B59-3A76-4F0F-840E-9A80889E918C}.Release|Any CPU.Build.0 = Release|Any CPU
	EndGlobalSection
	GlobalSection(SolutionProperties) = preSolution
		HideSolutionNode = FALSE
	EndGlobalSection
	GlobalSection(ExtensibilityGlobals) = postSolution
		SolutionGuid = {D0C132A2-F824-4502-AEE5-3D7CE5DD0A13}
	EndGlobalSection
EndGlobal
