
Microsoft Visual Studio Solution File, Format Version 12.00
# Visual Studio Version 17
VisualStudioVersion = 17.7.34031.279
MinimumVisualStudioVersion = 10.0.40219.1
Project("{FAE04EC0-301F-11D3-BF4B-00C04F79EFBC}") = "ArrayWithObjectModifire", "ArrayWithObjectModifire\ArrayWithObjectModifire.csproj", "{A296325A-1AFB-4CEA-A804-32C1B33E8FD3}"
EndProject
Global
	GlobalSection(SolutionConfigurationPlatforms) = preSolution
		Debug|Any CPU = Debug|Any CPU
		Release|Any CPU = Release|Any CPU
	EndGlobalSection
	GlobalSection(ProjectConfigurationPlatforms) = postSolution
		{A296325A-1AFB-4CEA-A804-32C1B33E8FD3}.Debug|Any CPU.ActiveCfg = Debug|Any CPU
		{A296325A-1AFB-4CEA-A804-32C1B33E8FD3}.Debug|Any CPU.Build.0 = Debug|Any CPU
		{A296325A-1AFB-4CEA-A804-32C1B33E8FD3}.Release|Any CPU.ActiveCfg = Release|Any CPU
		{A296325A-1AFB-4CEA-A804-32C1B33E8FD3}.Release|Any CPU.Build.0 = Release|Any CPU
	EndGlobalSection
	GlobalSection(SolutionProperties) = preSolution
		HideSolutionNode = FALSE
	EndGlobalSection
	GlobalSection(ExtensibilityGlobals) = postSolution
		SolutionGuid = {35ECCA99-0BCE-43D0-939A-D7452117B608}
	EndGlobalSection
EndGlobal
