
Microsoft Visual Studio Solution File, Format Version 12.00
# Visual Studio Version 17
VisualStudioVersion = 17.7.34031.279
MinimumVisualStudioVersion = 10.0.40219.1
Project("{FAE04EC0-301F-11D3-BF4B-00C04F79EFBC}") = "CustomMiddlewareExcaptionHandlling", "CustomMiddlewareExcaptionHandlling\CustomMiddlewareExcaptionHandlling.csproj", "{377186B3-978D-4888-BB4D-BE8B7ECA468B}"
EndProject
Global
	GlobalSection(SolutionConfigurationPlatforms) = preSolution
		Debug|Any CPU = Debug|Any CPU
		Release|Any CPU = Release|Any CPU
	EndGlobalSection
	GlobalSection(ProjectConfigurationPlatforms) = postSolution
		{377186B3-978D-4888-BB4D-BE8B7ECA468B}.Debug|Any CPU.ActiveCfg = Debug|Any CPU
		{377186B3-978D-4888-BB4D-BE8B7ECA468B}.Debug|Any CPU.Build.0 = Debug|Any CPU
		{377186B3-978D-4888-BB4D-BE8B7ECA468B}.Release|Any CPU.ActiveCfg = Release|Any CPU
		{377186B3-978D-4888-BB4D-BE8B7ECA468B}.Release|Any CPU.Build.0 = Release|Any CPU
	EndGlobalSection
	GlobalSection(SolutionProperties) = preSolution
		HideSolutionNode = FALSE
	EndGlobalSection
	GlobalSection(ExtensibilityGlobals) = postSolution
		SolutionGuid = {C8DD80C0-DDC1-4428-8C75-ECD0E143BAC2}
	EndGlobalSection
EndGlobal
