
Microsoft Visual Studio Solution File, Format Version 12.00
# Visual Studio Version 17
VisualStudioVersion = 17.7.34031.279
MinimumVisualStudioVersion = 10.0.40219.1
Project("{FAE04EC0-301F-11D3-BF4B-00C04F79EFBC}") = "RunExeFromBlobFunction", "RunExeFromBlobFunction\RunExeFromBlobFunction.csproj", "{762D4AC5-ECB8-420B-8C18-0FDD8B89E531}"
EndProject
Global
	GlobalSection(SolutionConfigurationPlatforms) = preSolution
		Debug|Any CPU = Debug|Any CPU
		Release|Any CPU = Release|Any CPU
	EndGlobalSection
	GlobalSection(ProjectConfigurationPlatforms) = postSolution
		{762D4AC5-ECB8-420B-8C18-0FDD8B89E531}.Debug|Any CPU.ActiveCfg = Debug|Any CPU
		{762D4AC5-ECB8-420B-8C18-0FDD8B89E531}.Debug|Any CPU.Build.0 = Debug|Any CPU
		{762D4AC5-ECB8-420B-8C18-0FDD8B89E531}.Release|Any CPU.ActiveCfg = Release|Any CPU
		{762D4AC5-ECB8-420B-8C18-0FDD8B89E531}.Release|Any CPU.Build.0 = Release|Any CPU
	EndGlobalSection
	GlobalSection(SolutionProperties) = preSolution
		HideSolutionNode = FALSE
	EndGlobalSection
	GlobalSection(ExtensibilityGlobals) = postSolution
		SolutionGuid = {F9AD4B08-0AD8-4EA0-8605-E74D8F92AFF1}
	EndGlobalSection
EndGlobal
