
Microsoft Visual Studio Solution File, Format Version 12.00
# Visual Studio Version 17
VisualStudioVersion = 17.7.34031.279
MinimumVisualStudioVersion = 10.0.40219.1
Project("{FAE04EC0-301F-11D3-BF4B-00C04F79EFBC}") = "CodeFirstASPCore6Demo", "CodeFirstASPCore6Demo\CodeFirstASPCore6Demo.csproj", "{76B4C081-F72B-44E6-8F32-10F4ED3361DA}"
EndProject
Global
	GlobalSection(SolutionConfigurationPlatforms) = preSolution
		Debug|Any CPU = Debug|Any CPU
		Release|Any CPU = Release|Any CPU
	EndGlobalSection
	GlobalSection(ProjectConfigurationPlatforms) = postSolution
		{76B4C081-F72B-44E6-8F32-10F4ED3361DA}.Debug|Any CPU.ActiveCfg = Debug|Any CPU
		{76B4C081-F72B-44E6-8F32-10F4ED3361DA}.Debug|Any CPU.Build.0 = Debug|Any CPU
		{76B4C081-F72B-44E6-8F32-10F4ED3361DA}.Release|Any CPU.ActiveCfg = Release|Any CPU
		{76B4C081-F72B-44E6-8F32-10F4ED3361DA}.Release|Any CPU.Build.0 = Release|Any CPU
	EndGlobalSection
	GlobalSection(SolutionProperties) = preSolution
		HideSolutionNode = FALSE
	EndGlobalSection
	GlobalSection(ExtensibilityGlobals) = postSolution
		SolutionGuid = {74C0B633-445F-4485-B728-9F2402FEEBCB}
	EndGlobalSection
EndGlobal
