
Microsoft Visual Studio Solution File, Format Version 12.00
# Visual Studio Version 17
VisualStudioVersion = 17.7.34031.279
MinimumVisualStudioVersion = 10.0.40219.1
Project("{FAE04EC0-301F-11D3-BF4B-00C04F79EFBC}") = "FirstOrDefaultDemo", "FirstOrDefaultDemo\FirstOrDefaultDemo.csproj", "{5D70EAFB-C401-4A60-A675-C6E11CCE3DBB}"
EndProject
Global
	GlobalSection(SolutionConfigurationPlatforms) = preSolution
		Debug|Any CPU = Debug|Any CPU
		Release|Any CPU = Release|Any CPU
	EndGlobalSection
	GlobalSection(ProjectConfigurationPlatforms) = postSolution
		{5D70EAFB-C401-4A60-A675-C6E11CCE3DBB}.Debug|Any CPU.ActiveCfg = Debug|Any CPU
		{5D70EAFB-C401-4A60-A675-C6E11CCE3DBB}.Debug|Any CPU.Build.0 = Debug|Any CPU
		{5D70EAFB-C401-4A60-A675-C6E11CCE3DBB}.Release|Any CPU.ActiveCfg = Release|Any CPU
		{5D70EAFB-C401-4A60-A675-C6E11CCE3DBB}.Release|Any CPU.Build.0 = Release|Any CPU
	EndGlobalSection
	GlobalSection(SolutionProperties) = preSolution
		HideSolutionNode = FALSE
	EndGlobalSection
	GlobalSection(ExtensibilityGlobals) = postSolution
		SolutionGuid = {4052F7E7-2F2B-4C5E-8EC7-495067A224E6}
	EndGlobalSection
EndGlobal
