
Microsoft Visual Studio Solution File, Format Version 12.00
# Visual Studio Version 17
VisualStudioVersion = 17.7.34031.279
MinimumVisualStudioVersion = 10.0.40219.1
Project("{FAE04EC0-301F-11D3-BF4B-00C04F79EFBC}") = "ControllerAndActions", "ControllerAndActions\ControllerAndActions.csproj", "{7D71CF01-E351-4262-80ED-C39C997CE036}"
EndProject
Global
	GlobalSection(SolutionConfigurationPlatforms) = preSolution
		Debug|Any CPU = Debug|Any CPU
		Release|Any CPU = Release|Any CPU
	EndGlobalSection
	GlobalSection(ProjectConfigurationPlatforms) = postSolution
		{7D71CF01-E351-4262-80ED-C39C997CE036}.Debug|Any CPU.ActiveCfg = Debug|Any CPU
		{7D71CF01-E351-4262-80ED-C39C997CE036}.Debug|Any CPU.Build.0 = Debug|Any CPU
		{7D71CF01-E351-4262-80ED-C39C997CE036}.Release|Any CPU.ActiveCfg = Release|Any CPU
		{7D71CF01-E351-4262-80ED-C39C997CE036}.Release|Any CPU.Build.0 = Release|Any CPU
	EndGlobalSection
	GlobalSection(SolutionProperties) = preSolution
		HideSolutionNode = FALSE
	EndGlobalSection
	GlobalSection(ExtensibilityGlobals) = postSolution
		SolutionGuid = {21F7C932-BF3D-4F1F-9B5E-72719E7D2D34}
	EndGlobalSection
EndGlobal
